dependencies:
- name: redis
  repository: oci://registry-1.docker.io/bitnamicharts
  version: 18.1.6
- name: meilisearch
  repository: https://meilisearch.github.io/meilisearch-kubernetes
  version: 0.2.7
digest: sha256:035f1993a0cbcd03d180c318b2a783d2d47c556a77896a71c5ec3b9dd4634dad
generated: "2023-10-22T17:29:30.665932+02:00"
