dependencies:
- name: redis
  repository: oci://registry-1.docker.io/bitnamicharts
  version: 18.19.4
- name: meilisearch
  repository: https://meilisearch.github.io/meilisearch-kubernetes
  version: 0.2.8
digest: sha256:8ae0bc88f3f855baaa6a3ac47a4c135781a675bee64c55ca577a913556ffc810
generated: "2024-03-18T20:48:27.299688+01:00"
